
Microsoft Visual Studio Solution File, Format Version 12.00
# Visual Studio 15
VisualStudioVersion = 15.0.28307.1684
MinimumVisualStudioVersion = 10.0.40219.1
Project("{FAE04EC0-301F-11D3-BF4B-00C04F79EFBC}") = "Lib", "Lib\Lib.csproj", "{E8932F95-EB86-4A4F-81B6-57CF424E4141}"
EndProject
Project("{FAE04EC0-301F-11D3-BF4B-00C04F79EFBC}") = "ConsoleUI", "ConsoleUI\ConsoleUI.csproj", "{83D25865-7E5F-4985-97D5-14D5AE97E3B1}"
EndProject
Global
	GlobalSection(SolutionConfigurationPlatforms) = preSolution
		Debug|Any CPU = Debug|Any CPU
		Release|Any CPU = Release|Any CPU
	EndGlobalSection
	GlobalSection(ProjectConfigurationPlatforms) = postSolution
		{E8932F95-EB86-4A4F-81B6-57CF424E4141}.Debug|Any CPU.ActiveCfg = Debug|Any CPU
		{E8932F95-EB86-4A4F-81B6-57CF424E4141}.Debug|Any CPU.Build.0 = Debug|Any CPU
		{E8932F95-EB86-4A4F-81B6-57CF424E4141}.Release|Any CPU.ActiveCfg = Release|Any CPU
		{E8932F95-EB86-4A4F-81B6-57CF424E4141}.Release|Any CPU.Build.0 = Release|Any CPU
		{83D25865-7E5F-4985-97D5-14D5AE97E3B1}.Debug|Any CPU.ActiveCfg = Debug|Any CPU
		{83D25865-7E5F-4985-97D5-14D5AE97E3B1}.Debug|Any CPU.Build.0 = Debug|Any CPU
		{83D25865-7E5F-4985-97D5-14D5AE97E3B1}.Release|Any CPU.ActiveCfg = Release|Any CPU
		{83D25865-7E5F-4985-97D5-14D5AE97E3B1}.Release|Any CPU.Build.0 = Release|Any CPU
	EndGlobalSection
	GlobalSection(SolutionProperties) = preSolution
		HideSolutionNode = FALSE
	EndGlobalSection
	GlobalSection(ExtensibilityGlobals) = postSolution
		SolutionGuid = {024CD293-B88E-4DDF-A5B9-0B3291423F81}
	EndGlobalSection
EndGlobal
